{"1.2.0",
[{<<"decimal">>,{pkg,<<"decimal">>,<<"2.1.1">>},0},
 {<<"erlando">>,{pkg,<<"erlando">>,<<"3.1.1">>},0},
 {<<"quickrand">>,{pkg,<<"quickrand">>,<<"2.0.7">>},1},
 {<<"uuid_erl">>,{pkg,<<"uuid_erl">>,<<"2.0.7">>},0}]}.
[
{pkg_hash,[
 {<<"decimal">>, <<"5611DCA5D4B2C3DD497DEC8F68751F1F1A54755E8ED2A966C2633CF885973AD6">>},
 {<<"erlando">>, <<"50E54F9A9DFEC564DDFEB7FC7129F80F491856F5E07686F405CEF4E970BDFE46">>},
 {<<"quickrand">>, <<"D2BD76676A446E6A058D678444B7FDA1387B813710D1AF6D6E29BB92186C8820">>},
 {<<"uuid_erl">>, <<"B2078D2CC814F53AFA52D36C91E08962C7E7373585C623F4C0EA6DFB04B2AF94">>}]},
{pkg_hash_ext,[
 {<<"decimal">>, <<"53CFE5F497ED0E7771AE1A475575603D77425099BA5FAEF9394932B35020FFCC">>},
 {<<"erlando">>, <<"9633CB4978DBD78827FA76EA4C3B0BD24CFBD4DD9AF48088E922E7115494A344">>},
 {<<"quickrand">>, <<"B8ACBF89A224BC217C3070CA8BEBC6EB236DBE7F9767993B274084EA044D35F0">>},
 {<<"uuid_erl">>, <<"4E4C5CA3461DC47C5E157ED42AA3981A053B7A186792AF972A27B14A9489324E">>}]}
].
