{"1.2.0",
[{<<"decimal">>,{pkg,<<"decimal">>,<<"2.1.1">>},0},
 {<<"erlando">>,{pkg,<<"erlando">>,<<"3.1.1">>},0}]}.
[
{pkg_hash,[
 {<<"decimal">>, <<"5611DCA5D4B2C3DD497DEC8F68751F1F1A54755E8ED2A966C2633CF885973AD6">>},
 {<<"erlando">>, <<"50E54F9A9DFEC564DDFEB7FC7129F80F491856F5E07686F405CEF4E970BDFE46">>}]},
{pkg_hash_ext,[
 {<<"decimal">>, <<"53CFE5F497ED0E7771AE1A475575603D77425099BA5FAEF9394932B35020FFCC">>},
 {<<"erlando">>, <<"9633CB4978DBD78827FA76EA4C3B0BD24CFBD4DD9AF48088E922E7115494A344">>}]}
].
